
Microsoft Visual Studio Solution File, Format Version 12.00
# Visual Studio Version 16
VisualStudioVersion = 16.0.29009.5
MinimumVisualStudioVersion = 10.0.40219.1
Project("{FAE04EC0-301F-11D3-BF4B-00C04F79EFBC}") = "Exercise1", "Exercise1\Exercise1.csproj", "{F8DE5E0F-2B8E-4740-90A7-7AF904B3FBD2}"
EndProject
Project("{FAE04EC0-301F-11D3-BF4B-00C04F79EFBC}") = "Exercise2", "Exercise2\Exercise2.csproj", "{990A7482-573D-4A0D-B51C-3DF2B2196A8A}"
EndProject
Project("{FAE04EC0-301F-11D3-BF4B-00C04F79EFBC}") = "Exercise3", "Exercise3\Exercise3.csproj", "{2EC38443-274D-42A6-A889-FD1EE947F93F}"
EndProject
Project("{FAE04EC0-301F-11D3-BF4B-00C04F79EFBC}") = "Exercise4", "Exercise4\Exercise4.csproj", "{84EEC894-7840-4A8C-BF84-9E6C90A17774}"
EndProject
Project("{FAE04EC0-301F-11D3-BF4B-00C04F79EFBC}") = "Exercise5", "Exercise5\Exercise5.csproj", "{78BA89E9-4DEE-447D-AE72-5BDF754CCBF1}"
EndProject
Project("{FAE04EC0-301F-11D3-BF4B-00C04F79EFBC}") = "Exercise6", "Exercise6\Exercise6.csproj", "{49D3EA8D-9592-4EBD-AA6C-23BC0F4FAC40}"
EndProject
Project("{FAE04EC0-301F-11D3-BF4B-00C04F79EFBC}") = "Exercise7", "Exercise7\Exercise7.csproj", "{3CB2E6B2-704D-4BDE-9FB3-2BD7F922A87D}"
EndProject
Project("{FAE04EC0-301F-11D3-BF4B-00C04F79EFBC}") = "Exercise9", "Exercise9\Exercise9.csproj", "{BDC95748-4A38-4603-954D-326D0A3B9E5E}"
EndProject
Global
	GlobalSection(SolutionConfigurationPlatforms) = preSolution
		Debug|Any CPU = Debug|Any CPU
		Release|Any CPU = Release|Any CPU
	EndGlobalSection
	GlobalSection(ProjectConfigurationPlatforms) = postSolution
		{F8DE5E0F-2B8E-4740-90A7-7AF904B3FBD2}.Debug|Any CPU.ActiveCfg = Debug|Any CPU
		{F8DE5E0F-2B8E-4740-90A7-7AF904B3FBD2}.Debug|Any CPU.Build.0 = Debug|Any CPU
		{F8DE5E0F-2B8E-4740-90A7-7AF904B3FBD2}.Release|Any CPU.ActiveCfg = Release|Any CPU
		{F8DE5E0F-2B8E-4740-90A7-7AF904B3FBD2}.Release|Any CPU.Build.0 = Release|Any CPU
		{990A7482-573D-4A0D-B51C-3DF2B2196A8A}.Debug|Any CPU.ActiveCfg = Debug|Any CPU
		{990A7482-573D-4A0D-B51C-3DF2B2196A8A}.Debug|Any CPU.Build.0 = Debug|Any CPU
		{990A7482-573D-4A0D-B51C-3DF2B2196A8A}.Release|Any CPU.ActiveCfg = Release|Any CPU
		{990A7482-573D-4A0D-B51C-3DF2B2196A8A}.Release|Any CPU.Build.0 = Release|Any CPU
		{2EC38443-274D-42A6-A889-FD1EE947F93F}.Debug|Any CPU.ActiveCfg = Debug|Any CPU
		{2EC38443-274D-42A6-A889-FD1EE947F93F}.Debug|Any CPU.Build.0 = Debug|Any CPU
		{2EC38443-274D-42A6-A889-FD1EE947F93F}.Release|Any CPU.ActiveCfg = Release|Any CPU
		{2EC38443-274D-42A6-A889-FD1EE947F93F}.Release|Any CPU.Build.0 = Release|Any CPU
		{84EEC894-7840-4A8C-BF84-9E6C90A17774}.Debug|Any CPU.ActiveCfg = Debug|Any CPU
		{84EEC894-7840-4A8C-BF84-9E6C90A17774}.Debug|Any CPU.Build.0 = Debug|Any CPU
		{84EEC894-7840-4A8C-BF84-9E6C90A17774}.Release|Any CPU.ActiveCfg = Release|Any CPU
		{84EEC894-7840-4A8C-BF84-9E6C90A17774}.Release|Any CPU.Build.0 = Release|Any CPU
		{78BA89E9-4DEE-447D-AE72-5BDF754CCBF1}.Debug|Any CPU.ActiveCfg = Debug|Any CPU
		{78BA89E9-4DEE-447D-AE72-5BDF754CCBF1}.Debug|Any CPU.Build.0 = Debug|Any CPU
		{78BA89E9-4DEE-447D-AE72-5BDF754CCBF1}.Release|Any CPU.ActiveCfg = Release|Any CPU
		{78BA89E9-4DEE-447D-AE72-5BDF754CCBF1}.Release|Any CPU.Build.0 = Release|Any CPU
		{49D3EA8D-9592-4EBD-AA6C-23BC0F4FAC40}.Debug|Any CPU.ActiveCfg = Debug|Any CPU
		{49D3EA8D-9592-4EBD-AA6C-23BC0F4FAC40}.Debug|Any CPU.Build.0 = Debug|Any CPU
		{49D3EA8D-9592-4EBD-AA6C-23BC0F4FAC40}.Release|Any CPU.ActiveCfg = Release|Any CPU
		{49D3EA8D-9592-4EBD-AA6C-23BC0F4FAC40}.Release|Any CPU.Build.0 = Release|Any CPU
		{3CB2E6B2-704D-4BDE-9FB3-2BD7F922A87D}.Debug|Any CPU.ActiveCfg = Debug|Any CPU
		{3CB2E6B2-704D-4BDE-9FB3-2BD7F922A87D}.Debug|Any CPU.Build.0 = Debug|Any CPU
		{3CB2E6B2-704D-4BDE-9FB3-2BD7F922A87D}.Release|Any CPU.ActiveCfg = Release|Any CPU
		{3CB2E6B2-704D-4BDE-9FB3-2BD7F922A87D}.Release|Any CPU.Build.0 = Release|Any CPU
		{BDC95748-4A38-4603-954D-326D0A3B9E5E}.Debug|Any CPU.ActiveCfg = Debug|Any CPU
		{BDC95748-4A38-4603-954D-326D0A3B9E5E}.Debug|Any CPU.Build.0 = Debug|Any CPU
		{BDC95748-4A38-4603-954D-326D0A3B9E5E}.Release|Any CPU.ActiveCfg = Release|Any CPU
		{BDC95748-4A38-4603-954D-326D0A3B9E5E}.Release|Any CPU.Build.0 = Release|Any CPU
	EndGlobalSection
	GlobalSection(SolutionProperties) = preSolution
		HideSolutionNode = FALSE
	EndGlobalSection
	GlobalSection(ExtensibilityGlobals) = postSolution
		SolutionGuid = {9E2B805A-E209-4714-AE87-3C7317951F1D}
	EndGlobalSection
EndGlobal
