
Microsoft Visual Studio Solution File, Format Version 12.00
# Visual Studio Version 16
VisualStudioVersion = 16.0.31424.327
MinimumVisualStudioVersion = 10.0.40219.1
Project("{9A19103F-16F7-4668-BE54-9A1E7A4F7556}") = "AdApp", "..\AdApp\AdApp.csproj", "{BD047DDA-8517-48BB-9984-F5F0299CECB0}"
EndProject
Project("{9A19103F-16F7-4668-BE54-9A1E7A4F7556}") = "DragRace", "..\DragRace\DragRace.csproj", "{5C8EF3C4-6A9C-4516-B740-0D9E84825198}"
EndProject
Project("{9A19103F-16F7-4668-BE54-9A1E7A4F7556}") = "Firm", "..\Firm\Firm.csproj", "{EC915FE1-8D54-4D84-A110-9341AD72C56F}"
EndProject
Project("{9A19103F-16F7-4668-BE54-9A1E7A4F7556}") = "Hierarchy", "..\Hierarchy\Hierarchy.csproj", "{734E7975-517D-4000-9071-7C96D79AD696}"
EndProject
Project("{9A19103F-16F7-4668-BE54-9A1E7A4F7556}") = "MakeSounds", "..\MakeSounds\MakeSounds.csproj", "{2C431FB5-1E97-4222-8FD4-BA15E19202D2}"
EndProject
Project("{9A19103F-16F7-4668-BE54-9A1E7A4F7556}") = "Persons", "..\Persons\Persons.csproj", "{3EF25F50-56D6-4F45-9B65-90D9104EB71A}"
EndProject
Global
	GlobalSection(SolutionConfigurationPlatforms) = preSolution
		Debug|Any CPU = Debug|Any CPU
		Release|Any CPU = Release|Any CPU
	EndGlobalSection
	GlobalSection(ProjectConfigurationPlatforms) = postSolution
		{BD047DDA-8517-48BB-9984-F5F0299CECB0}.Debug|Any CPU.ActiveCfg = Debug|Any CPU
		{BD047DDA-8517-48BB-9984-F5F0299CECB0}.Debug|Any CPU.Build.0 = Debug|Any CPU
		{BD047DDA-8517-48BB-9984-F5F0299CECB0}.Release|Any CPU.ActiveCfg = Release|Any CPU
		{BD047DDA-8517-48BB-9984-F5F0299CECB0}.Release|Any CPU.Build.0 = Release|Any CPU
		{5C8EF3C4-6A9C-4516-B740-0D9E84825198}.Debug|Any CPU.ActiveCfg = Debug|Any CPU
		{5C8EF3C4-6A9C-4516-B740-0D9E84825198}.Debug|Any CPU.Build.0 = Debug|Any CPU
		{5C8EF3C4-6A9C-4516-B740-0D9E84825198}.Release|Any CPU.ActiveCfg = Release|Any CPU
		{5C8EF3C4-6A9C-4516-B740-0D9E84825198}.Release|Any CPU.Build.0 = Release|Any CPU
		{EC915FE1-8D54-4D84-A110-9341AD72C56F}.Debug|Any CPU.ActiveCfg = Debug|Any CPU
		{EC915FE1-8D54-4D84-A110-9341AD72C56F}.Debug|Any CPU.Build.0 = Debug|Any CPU
		{EC915FE1-8D54-4D84-A110-9341AD72C56F}.Release|Any CPU.ActiveCfg = Release|Any CPU
		{EC915FE1-8D54-4D84-A110-9341AD72C56F}.Release|Any CPU.Build.0 = Release|Any CPU
		{734E7975-517D-4000-9071-7C96D79AD696}.Debug|Any CPU.ActiveCfg = Debug|Any CPU
		{734E7975-517D-4000-9071-7C96D79AD696}.Debug|Any CPU.Build.0 = Debug|Any CPU
		{734E7975-517D-4000-9071-7C96D79AD696}.Release|Any CPU.ActiveCfg = Release|Any CPU
		{734E7975-517D-4000-9071-7C96D79AD696}.Release|Any CPU.Build.0 = Release|Any CPU
		{2C431FB5-1E97-4222-8FD4-BA15E19202D2}.Debug|Any CPU.ActiveCfg = Debug|Any CPU
		{2C431FB5-1E97-4222-8FD4-BA15E19202D2}.Debug|Any CPU.Build.0 = Debug|Any CPU
		{2C431FB5-1E97-4222-8FD4-BA15E19202D2}.Release|Any CPU.ActiveCfg = Release|Any CPU
		{2C431FB5-1E97-4222-8FD4-BA15E19202D2}.Release|Any CPU.Build.0 = Release|Any CPU
		{3EF25F50-56D6-4F45-9B65-90D9104EB71A}.Debug|Any CPU.ActiveCfg = Debug|Any CPU
		{3EF25F50-56D6-4F45-9B65-90D9104EB71A}.Debug|Any CPU.Build.0 = Debug|Any CPU
		{3EF25F50-56D6-4F45-9B65-90D9104EB71A}.Release|Any CPU.ActiveCfg = Release|Any CPU
		{3EF25F50-56D6-4F45-9B65-90D9104EB71A}.Release|Any CPU.Build.0 = Release|Any CPU
	EndGlobalSection
	GlobalSection(SolutionProperties) = preSolution
		HideSolutionNode = FALSE
	EndGlobalSection
	GlobalSection(ExtensibilityGlobals) = postSolution
		SolutionGuid = {0B4163D3-9827-49D0-BA1D-C58A37F9CE68}
	EndGlobalSection
EndGlobal
